{
  "lib/forge-std": {
    "rev": "0844d7e1fc5e60d77b68e469bff60265f236c398"
  },
  "lib/openzeppelin-contracts": {
    "rev": "5fd1781b1454fd1ef8e722282f86f9293cacf256"
  },
  "lib/openzeppelin-contracts-upgradeable": {
    "rev": "7bf4727aacdbfaa0f36cbd664654d0c9e1dc52bf"
  },
  "lib/openzeppelin-foundry-upgrades": {
    "rev": "cbce1e00305e943aa1661d43f41e5ac72c662b07"
  }
}